// !$*UTF8*$!
{
	archiveVersion = 1;
	classes = {
	};
	objectVersion = 46;
	objects = {

/* Begin PBXBuildFile section */
		B3F1A8F1155AB28C004CFA47 /* UIKit.framework in Frameworks */ = {isa = PBXBuildFile; fileRef = B3F1A8F0155AB28C004CFA47 /* UIKit.framework */; };
		B3F1A8F3155AB28C004CFA47 /* Foundation.framework in Frameworks */ = {isa = PBXBuildFile; fileRef = B3F1A8F2155AB28C004CFA47 /* Foundation.framework */; };
		B3F1A8F5155AB28C004CFA47 /* CoreGraphics.framework in Frameworks */ = {isa = PBXBuildFile; fileRef = B3F1A8F4155AB28C004CFA47 /* CoreGraphics.framework */; };
		B3F1A8FB155AB28C004CFA47 /* InfoPlist.strings in Resources */ = {isa = PBXBuildFile; fileRef = B3F1A8F9155AB28C004CFA47 /* InfoPlist.strings */; };
		B3F1A8FD155AB28C004CFA47 /* main.m in Sources */ = {isa = PBXBuildFile; fileRef = B3F1A8FC155AB28C004CFA47 /* main.m */; };
		B3F1A901155AB28C004CFA47 /* TemperatureAppDelegate.m in Sources */ = {isa = PBXBuildFile; fileRef = B3F1A900155AB28C004CFA47 /* TemperatureAppDelegate.m */; };
		B3F1A904155AB28C004CFA47 /* MainStoryboard.storyboard in Resources */ = {isa = PBXBuildFile; fileRef = B3F1A902155AB28C004CFA47 /* MainStoryboard.storyboard */; };
		B3F1A907155AB28C004CFA47 /* TemperatureViewController.m in Sources */ = {isa = PBXBuildFile; fileRef = B3F1A906155AB28C004CFA47 /* TemperatureViewController.m */; };
/* End PBXBuildFile section */

/* Begin PBXFileReference section */
		B3F1A8EC155AB28C004CFA47 /* enTemp.app */ = {isa = PBXFileReference; explicitFileType = wrapper.application; includeInIndex = 0; path = enTemp.app; sourceTree = BUILT_PRODUCTS_DIR; };
		B3F1A8F0155AB28C004CFA47 /* UIKit.framework */ = {isa = PBXFileReference; lastKnownFileType = wrapper.framework; name = UIKit.framework; path = System/Library/Frameworks/UIKit.framework; sourceTree = SDKROOT; };
		B3F1A8F2155AB28C004CFA47 /* Foundation.framework */ = {isa = PBXFileReference; lastKnownFileType = wrapper.framework; name = Foundation.framework; path = System/Library/Frameworks/Foundation.framework; sourceTree = SDKROOT; };
		B3F1A8F4155AB28C004CFA47 /* CoreGraphics.framework */ = {isa = PBXFileReference; lastKnownFileType = wrapper.framework; name = CoreGraphics.framework; path = System/Library/Frameworks/CoreGraphics.framework; sourceTree = SDKROOT; };
		B3F1A8F8155AB28C004CFA47 /* enTemp-Info.plist */ = {isa = PBXFileReference; path = "enTemp-Info.plist"; sourceTree = "<group>"; };
		B3F1A8FA155AB28C004CFA47 /* en */ = {isa = PBXFileReference; lastKnownFileType = text.plist.strings; name = en; path = en.lproj/InfoPlist.strings; sourceTree = "<group>"; };
		B3F1A8FC155AB28C004CFA47 /* main.m */ = {isa = PBXFileReference; lastKnownFileType = sourcecode.c.objc; path = main.m; sourceTree = "<group>"; };
		B3F1A8FE155AB28C004CFA47 /* enTemp-Prefix.pch */ = {isa = PBXFileReference; path = "enTemp-Prefix.pch"; sourceTree = "<group>"; };
		B3F1A8FF155AB28C004CFA47 /* TemperatureAppDelegate.h */ = {isa = PBXFileReference; path = TemperatureAppDelegate.h; sourceTree = "<group>"; };
		B3F1A900155AB28C004CFA47 /* TemperatureAppDelegate.m */ = {isa = PBXFileReference; lastKnownFileType = sourcecode.c.objc; path = TemperatureAppDelegate.m; sourceTree = "<group>"; };
		B3F1A903155AB28C004CFA47 /* en */ = {isa = PBXFileReference; lastKnownFileType = file.storyboard; name = en; path = en.lproj/MainStoryboard.storyboard; sourceTree = "<group>"; };
		B3F1A905155AB28C004CFA47 /* TemperatureViewController.h */ = {isa = PBXFileReference; path = TemperatureViewController.h; sourceTree = "<group>"; };
		B3F1A906155AB28C004CFA47 /* TemperatureViewController.m */ = {isa = PBXFileReference; lastKnownFileType = sourcecode.c.objc; path = TemperatureViewController.m; sourceTree = "<group>"; };
/* End PBXFileReference section */

/* Begin PBXFrameworksBuildPhase section */
		B3F1A8E9155AB28C004CFA47 /* Frameworks */ = {
			isa = PBXFrameworksBuildPhase;
			buildActionMask = 2147483647;
			files = (
				B3F1A8F1155AB28C004CFA47 /* UIKit.framework in Frameworks */,
				B3F1A8F3155AB28C004CFA47 /* Foundation.framework in Frameworks */,
				B3F1A8F5155AB28C004CFA47 /* CoreGraphics.framework in Frameworks */,
			);
			runOnlyForDeploymentPostprocessing = 0;
		};
/* End PBXFrameworksBuildPhase section */

/* Begin PBXGroup section */
		B3F1A8E1155AB28B004CFA47 = {
			isa = PBXGroup;
			children = (
				B3F1A8F6155AB28C004CFA47 /* enTemp */,
				B3F1A8EF155AB28C004CFA47 /* Frameworks */,
				B3F1A8ED155AB28C004CFA47 /* Products */,
			);
			sourceTree = "<group>";
		};
		B3F1A8ED155AB28C004CFA47 /* Products */ = {
			isa = PBXGroup;
			children = (
				B3F1A8EC155AB28C004CFA47 /* enTemp.app */,
			);
			name = Products;
			sourceTree = "<group>";
		};
		B3F1A8EF155AB28C004CFA47 /* Frameworks */ = {
			isa = PBXGroup;
			children = (
				B3F1A8F0155AB28C004CFA47 /* UIKit.framework */,
				B3F1A8F2155AB28C004CFA47 /* Foundation.framework */,
				B3F1A8F4155AB28C004CFA47 /* CoreGraphics.framework */,
			);
			name = Frameworks;
			sourceTree = "<group>";
		};
		B3F1A8F6155AB28C004CFA47 /* enTemp */ = {
			isa = PBXGroup;
			children = (
				B3F1A8FF155AB28C004CFA47 /* TemperatureAppDelegate.h */,
				B3F1A900155AB28C004CFA47 /* TemperatureAppDelegate.m */,
				B3F1A902155AB28C004CFA47 /* MainStoryboard.storyboard */,
				B3F1A905155AB28C004CFA47 /* TemperatureViewController.h */,
				B3F1A906155AB28C004CFA47 /* TemperatureViewController.m */,
				B3F1A8F7155AB28C004CFA47 /* Supporting Files */,
			);
			path = enTemp;
			sourceTree = "<group>";
		};
		B3F1A8F7155AB28C004CFA47 /* Supporting Files */ = {
			isa = PBXGroup;
			children = (
				B3F1A8F8155AB28C004CFA47 /* enTemp-Info.plist */,
				B3F1A8F9155AB28C004CFA47 /* InfoPlist.strings */,
				B3F1A8FC155AB28C004CFA47 /* main.m */,
				B3F1A8FE155AB28C004CFA47 /* enTemp-Prefix.pch */,
			);
			name = "Supporting Files";
			sourceTree = "<group>";
		};
/* End PBXGroup section */

/* Begin PBXNativeTarget section */
		B3F1A8EB155AB28C004CFA47 /* enTemp */ = {
			isa = PBXNativeTarget;
			buildConfigurationList = B3F1A90A155AB28C004CFA47 /* Build configuration list for PBXNativeTarget "enTemp" */;
			buildPhases = (
				B3F1A8E8155AB28C004CFA47 /* Sources */,
				B3F1A8E9155AB28C004CFA47 /* Frameworks */,
				B3F1A8EA155AB28C004CFA47 /* Resources */,
			);
			buildRules = (
			);
			dependencies = (
			);
			name = enTemp;
			productName = enTemp;
			productReference = B3F1A8EC155AB28C004CFA47 /* enTemp.app */;
			productType = "com.apple.product-type.application";
		};
/* End PBXNativeTarget section */

/* Begin PBXProject section */
		B3F1A8E3155AB28B004CFA47 /* Project object */ = {
			isa = PBXProject;
			attributes = {
				CLASSPREFIX = Temperature;
				LastUpgradeCheck = 0430;
				ORGANIZATIONNAME = "Kemijski Institut, Ljubljana";
			};
			buildConfigurationList = B3F1A8E6155AB28B004CFA47 /* Build configuration list for PBXProject "enTemp" */;
			compatibilityVersion = "Xcode 3.2";
			developmentRegion = English;
			hasScannedForEncodings = 0;
			knownRegions = (
				en,
			);
			mainGroup = B3F1A8E1155AB28B004CFA47;
			productRefGroup = B3F1A8ED155AB28C004CFA47 /* Products */;
			projectDirPath = "";
			projectRoot = "";
			targets = (
				B3F1A8EB155AB28C004CFA47 /* enTemp */,
			);
		};
/* End PBXProject section */

/* Begin PBXResourcesBuildPhase section */
		B3F1A8EA155AB28C004CFA47 /* Resources */ = {
			isa = PBXResourcesBuildPhase;
			buildActionMask = 2147483647;
			files = (
				B3F1A8FB155AB28C004CFA47 /* InfoPlist.strings in Resources */,
				B3F1A904155AB28C004CFA47 /* MainStoryboard.storyboard in Resources */,
			);
			runOnlyForDeploymentPostprocessing = 0;
		};
/* End PBXResourcesBuildPhase section */

/* Begin PBXSourcesBuildPhase section */
		B3F1A8E8155AB28C004CFA47 /* Sources */ = {
			isa = PBXSourcesBuildPhase;
			buildActionMask = 2147483647;
			files = (
				B3F1A8FD155AB28C004CFA47 /* main.m in Sources */,
				B3F1A901155AB28C004CFA47 /* TemperatureAppDelegate.m in Sources */,
				B3F1A907155AB28C004CFA47 /* TemperatureViewController.m in Sources */,
			);
			runOnlyForDeploymentPostprocessing = 0;
		};
/* End PBXSourcesBuildPhase section */

/* Begin PBXVariantGroup section */
		B3F1A8F9155AB28C004CFA47 /* InfoPlist.strings */ = {
			isa = PBXVariantGroup;
			children = (
				B3F1A8FA155AB28C004CFA47 /* en */,
			);
			name = InfoPlist.strings;
			sourceTree = "<group>";
		};
		B3F1A902155AB28C004CFA47 /* MainStoryboard.storyboard */ = {
			isa = PBXVariantGroup;
			children = (
				B3F1A903155AB28C004CFA47 /* en */,
			);
			name = MainStoryboard.storyboard;
			sourceTree = "<group>";
		};
/* End PBXVariantGroup section */

/* Begin XCBuildConfiguration section */
		B3F1A908155AB28C004CFA47 /* Debug */ = {
			isa = XCBuildConfiguration;
			buildSettings = {
				ALWAYS_SEARCH_USER_PATHS = NO;
				ARCHS = "$(ARCHS_STANDARD_32_BIT)";
				CLANG_ENABLE_OBJC_ARC = YES;
				"CODE_SIGN_IDENTITY[sdk=iphoneos*]" = "iPhone Developer";
				COPY_PHASE_STRIP = NO;
				GCC_C_LANGUAGE_STANDARD = gnu99;
				GCC_DYNAMIC_NO_PIC = NO;
				GCC_OPTIMIZATION_LEVEL = 0;
				GCC_PREPROCESSOR_DEFINITIONS = (
					"DEBUG=1",
					"$(inherited)",
				);
				GCC_SYMBOLS_PRIVATE_EXTERN = NO;
				GCC_VERSION = com.apple.compilers.llvm.clang.1_0;
				GCC_WARN_ABOUT_RETURN_TYPE = YES;
				GCC_WARN_UNINITIALIZED_AUTOS = YES;
				GCC_WARN_UNUSED_VARIABLE = YES;
				IPHONEOS_DEPLOYMENT_TARGET = 5.1;
				SDKROOT = iphoneos;
			};
			name = Debug;
		};
		B3F1A909155AB28C004CFA47 /* Release */ = {
			isa = XCBuildConfiguration;
			buildSettings = {
				ALWAYS_SEARCH_USER_PATHS = NO;
				ARCHS = "$(ARCHS_STANDARD_32_BIT)";
				CLANG_ENABLE_OBJC_ARC = YES;
				"CODE_SIGN_IDENTITY[sdk=iphoneos*]" = "iPhone Developer";
				COPY_PHASE_STRIP = YES;
				GCC_C_LANGUAGE_STANDARD = gnu99;
				GCC_VERSION = com.apple.compilers.llvm.clang.1_0;
				GCC_WARN_ABOUT_RETURN_TYPE = YES;
				GCC_WARN_UNINITIALIZED_AUTOS = YES;
				GCC_WARN_UNUSED_VARIABLE = YES;
				IPHONEOS_DEPLOYMENT_TARGET = 5.1;
				OTHER_CFLAGS = "-DNS_BLOCK_ASSERTIONS=1";
				SDKROOT = iphoneos;
				VALIDATE_PRODUCT = YES;
			};
			name = Release;
		};
		B3F1A90B155AB28C004CFA47 /* Debug */ = {
			isa = XCBuildConfiguration;
			buildSettings = {
				GCC_PRECOMPILE_PREFIX_HEADER = YES;
				GCC_PREFIX_HEADER = "enTemp/enTemp-Prefix.pch";
				INFOPLIST_FILE = "enTemp/enTemp-Info.plist";
				PRODUCT_NAME = "$(TARGET_NAME)";
				WRAPPER_EXTENSION = app;
			};
			name = Debug;
		};
		B3F1A90C155AB28C004CFA47 /* Release */ = {
			isa = XCBuildConfiguration;
			buildSettings = {
				GCC_PRECOMPILE_PREFIX_HEADER = YES;
				GCC_PREFIX_HEADER = "enTemp/enTemp-Prefix.pch";
				INFOPLIST_FILE = "enTemp/enTemp-Info.plist";
				PRODUCT_NAME = "$(TARGET_NAME)";
				WRAPPER_EXTENSION = app;
			};
			name = Release;
		};
/* End XCBuildConfiguration section */

/* Begin XCConfigurationList section */
		B3F1A8E6155AB28B004CFA47 /* Build configuration list for PBXProject "enTemp" */ = {
			isa = XCConfigurationList;
			buildConfigurations = (
				B3F1A908155AB28C004CFA47 /* Debug */,
				B3F1A909155AB28C004CFA47 /* Release */,
			);
			defaultConfigurationIsVisible = 0;
			defaultConfigurationName = Release;
		};
		B3F1A90A155AB28C004CFA47 /* Build configuration list for PBXNativeTarget "enTemp" */ = {
			isa = XCConfigurationList;
			buildConfigurations = (
				B3F1A90B155AB28C004CFA47 /* Debug */,
				B3F1A90C155AB28C004CFA47 /* Release */,
			);
			defaultConfigurationIsVisible = 0;
		};
/* End XCConfigurationList section */
	};
	rootObject = B3F1A8E3155AB28B004CFA47 /* Project object */;
}
